
Microsoft Visual Studio Solution File, Format Version 12.00
# Visual Studio Version 17
VisualStudioVersion = 17.10.35013.160
MinimumVisualStudioVersion = 10.0.40219.1
Project("{FAE04EC0-301F-11D3-BF4B-00C04F79EFBC}") = "Codility", "Codility\Codility.csproj", "{B7FFF2B1-D7D4-477C-8158-DD5F526B66CA}"
EndProject
Project("{FAE04EC0-301F-11D3-BF4B-00C04F79EFBC}") = "CodilityUnitTests", "CodilityUnitTests\CodilityUnitTests.csproj", "{D4AF32BA-FA1A-422B-889D-B9289E14F133}"
EndProject
Global
	GlobalSection(SolutionConfigurationPlatforms) = preSolution
		Debug|Any CPU = Debug|Any CPU
		Release|Any CPU = Release|Any CPU
	EndGlobalSection
	GlobalSection(ProjectConfigurationPlatforms) = postSolution
		{B7FFF2B1-D7D4-477C-8158-DD5F526B66CA}.Debug|Any CPU.ActiveCfg = Debug|Any CPU
		{B7FFF2B1-D7D4-477C-8158-DD5F526B66CA}.Debug|Any CPU.Build.0 = Debug|Any CPU
		{B7FFF2B1-D7D4-477C-8158-DD5F526B66CA}.Release|Any CPU.ActiveCfg = Release|Any CPU
		{B7FFF2B1-D7D4-477C-8158-DD5F526B66CA}.Release|Any CPU.Build.0 = Release|Any CPU
		{D4AF32BA-FA1A-422B-889D-B9289E14F133}.Debug|Any CPU.ActiveCfg = Debug|Any CPU
		{D4AF32BA-FA1A-422B-889D-B9289E14F133}.Debug|Any CPU.Build.0 = Debug|Any CPU
		{D4AF32BA-FA1A-422B-889D-B9289E14F133}.Release|Any CPU.ActiveCfg = Release|Any CPU
		{D4AF32BA-FA1A-422B-889D-B9289E14F133}.Release|Any CPU.Build.0 = Release|Any CPU
	EndGlobalSection
	GlobalSection(SolutionProperties) = preSolution
		HideSolutionNode = FALSE
	EndGlobalSection
	GlobalSection(ExtensibilityGlobals) = postSolution
		SolutionGuid = {1AA954DE-5833-47A8-B6F5-3C96A0FC0FAF}
	EndGlobalSection
EndGlobal
